// !$*UTF8*$!
{
	archiveVersion = 1;
	classes = {
	};
	objectVersion = 50;
	objects = {

/* Begin PBXBuildFile section */
		970744272279D8CB006E25B4 /* AppDelegate.swift in Sources */ = {isa = PBXBuildFile; fileRef = 970744262279D8CB006E25B4 /* AppDelegate.swift */; };
		9707442F2279D8CB006E25B4 /* Carousel.xcdatamodeld in Sources */ = {isa = PBXBuildFile; fileRef = 9707442D2279D8CB006E25B4 /* Carousel.xcdatamodeld */; };
		970744312279D8CF006E25B4 /* Assets.xcassets in Resources */ = {isa = PBXBuildFile; fileRef = 970744302279D8CF006E25B4 /* Assets.xcassets */; };
		970744342279D8CF006E25B4 /* LaunchScreen.storyboard in Resources */ = {isa = PBXBuildFile; fileRef = 970744322279D8CF006E25B4 /* LaunchScreen.storyboard */; };
		970744452279D9C1006E25B4 /* iCarousel.m in Sources */ = {isa = PBXBuildFile; fileRef = 970744442279D9C1006E25B4 /* iCarousel.m */; };
		9707444F2279E8A6006E25B4 /* Currency.swift in Sources */ = {isa = PBXBuildFile; fileRef = 9707444E2279E8A6006E25B4 /* Currency.swift */; };
		970744532279EBC4006E25B4 /* BankViewController.swift in Sources */ = {isa = PBXBuildFile; fileRef = 970744522279EBC4006E25B4 /* BankViewController.swift */; };
		97074459227A040A006E25B4 /* CurrencyView.swift in Sources */ = {isa = PBXBuildFile; fileRef = 97074458227A0409006E25B4 /* CurrencyView.swift */; };
		9707445D227A0938006E25B4 /* CurrencyLayout.xib in Resources */ = {isa = PBXBuildFile; fileRef = 9707445C227A0938006E25B4 /* CurrencyLayout.xib */; };
		97074462227B0B79006E25B4 /* Rates.swift in Sources */ = {isa = PBXBuildFile; fileRef = 97074461227B0B79006E25B4 /* Rates.swift */; };
		973727CE2284777B009527E2 /* BankModuleInterface.swift in Sources */ = {isa = PBXBuildFile; fileRef = 973727CD2284777B009527E2 /* BankModuleInterface.swift */; };
		973727D022847786009527E2 /* BankPresenter.swift in Sources */ = {isa = PBXBuildFile; fileRef = 973727CF22847786009527E2 /* BankPresenter.swift */; };
		973727D22284781D009527E2 /* BankInteractorOutput.swift in Sources */ = {isa = PBXBuildFile; fileRef = 973727D12284781D009527E2 /* BankInteractorOutput.swift */; };
		973727D8228562E0009527E2 /* CurrencyInputField.swift in Sources */ = {isa = PBXBuildFile; fileRef = 973727D7228562E0009527E2 /* CurrencyInputField.swift */; };
		973727DA22857972009527E2 /* CurrencyInputFieldProtocol.swift in Sources */ = {isa = PBXBuildFile; fileRef = 973727D922857972009527E2 /* CurrencyInputFieldProtocol.swift */; };
		978BA40F2284123700379813 /* Bank.storyboard in Resources */ = {isa = PBXBuildFile; fileRef = 978BA40E2284123700379813 /* Bank.storyboard */; };
		978BA4112284131300379813 /* BankInteractor.swift in Sources */ = {isa = PBXBuildFile; fileRef = 978BA4102284131300379813 /* BankInteractor.swift */; };
		978BA4132284133C00379813 /* BankInteractorProtocol.swift in Sources */ = {isa = PBXBuildFile; fileRef = 978BA4122284133C00379813 /* BankInteractorProtocol.swift */; };
		978BA415228413E700379813 /* BankViewProtocol.swift in Sources */ = {isa = PBXBuildFile; fileRef = 978BA414228413E700379813 /* BankViewProtocol.swift */; };
		978BA4172284146B00379813 /* RootWireframe.swift in Sources */ = {isa = PBXBuildFile; fileRef = 978BA4162284146B00379813 /* RootWireframe.swift */; };
		978BA419228414B800379813 /* BankWireframe.swift in Sources */ = {isa = PBXBuildFile; fileRef = 978BA418228414B800379813 /* BankWireframe.swift */; };
		978BA41B2284157000379813 /* BankWireframeProtocol.swift in Sources */ = {isa = PBXBuildFile; fileRef = 978BA41A2284157000379813 /* BankWireframeProtocol.swift */; };
		97E6B4AD227B5B2F0002D180 /* CurrencyRepository.swift in Sources */ = {isa = PBXBuildFile; fileRef = 97E6B4AC227B5B2F0002D180 /* CurrencyRepository.swift */; };
		97E6B4AF227B62320002D180 /* ICurrencyRepository.swift in Sources */ = {isa = PBXBuildFile; fileRef = 97E6B4AE227B62320002D180 /* ICurrencyRepository.swift */; };
/* End PBXBuildFile section */

/* Begin PBXFileReference section */
		970744232279D8CB006E25B4 /* Carousel.app */ = {isa = PBXFileReference; explicitFileType = wrapper.application; includeInIndex = 0; path = Carousel.app; sourceTree = BUILT_PRODUCTS_DIR; };
		970744262279D8CB006E25B4 /* AppDelegate.swift */ = {isa = PBXFileReference; lastKnownFileType = sourcecode.swift; path = AppDelegate.swift; sourceTree = "<group>"; };
		9707442E2279D8CB006E25B4 /* Carousel.xcdatamodel */ = {isa = PBXFileReference; lastKnownFileType = wrapper.xcdatamodel; path = Carousel.xcdatamodel; sourceTree = "<group>"; };
		970744302279D8CF006E25B4 /* Assets.xcassets */ = {isa = PBXFileReference; lastKnownFileType = folder.assetcatalog; path = Assets.xcassets; sourceTree = "<group>"; };
		970744332279D8CF006E25B4 /* Base */ = {isa = PBXFileReference; lastKnownFileType = file.storyboard; name = Base; path = Base.lproj/LaunchScreen.storyboard; sourceTree = "<group>"; };
		970744352279D8CF006E25B4 /* Info.plist */ = {isa = PBXFileReference; lastKnownFileType = text.plist.xml; path = Info.plist; sourceTree = "<group>"; };
		970744432279D9C1006E25B4 /* iCarousel.h */ = {isa = PBXFileReference; fileEncoding = 4; lastKnownFileType = sourcecode.c.h; path = iCarousel.h; sourceTree = "<group>"; };
		970744442279D9C1006E25B4 /* iCarousel.m */ = {isa = PBXFileReference; fileEncoding = 4; lastKnownFileType = sourcecode.c.objc; path = iCarousel.m; sourceTree = "<group>"; };
		970744462279D9D5006E25B4 /* Carousel-Bridging-Header.h */ = {isa = PBXFileReference; lastKnownFileType = sourcecode.c.h; path = "Carousel-Bridging-Header.h"; sourceTree = "<group>"; };
		9707444E2279E8A6006E25B4 /* Currency.swift */ = {isa = PBXFileReference; lastKnownFileType = sourcecode.swift; path = Currency.swift; sourceTree = "<group>"; };
		970744522279EBC4006E25B4 /* BankViewController.swift */ = {isa = PBXFileReference; lastKnownFileType = sourcecode.swift; path = BankViewController.swift; sourceTree = "<group>"; };
		97074458227A0409006E25B4 /* CurrencyView.swift */ = {isa = PBXFileReference; lastKnownFileType = sourcecode.swift; path = CurrencyView.swift; sourceTree = "<group>"; };
		9707445C227A0938006E25B4 /* CurrencyLayout.xib */ = {isa = PBXFileReference; lastKnownFileType = file.xib; path = CurrencyLayout.xib; sourceTree = "<group>"; };
		97074461227B0B79006E25B4 /* Rates.swift */ = {isa = PBXFileReference; lastKnownFileType = sourcecode.swift; path = Rates.swift; sourceTree = "<group>"; };
		973727CD2284777B009527E2 /* BankModuleInterface.swift */ = {isa = PBXFileReference; lastKnownFileType = sourcecode.swift; path = BankModuleInterface.swift; sourceTree = "<group>"; };
		973727CF22847786009527E2 /* BankPresenter.swift */ = {isa = PBXFileReference; lastKnownFileType = sourcecode.swift; path = BankPresenter.swift; sourceTree = "<group>"; };
		973727D12284781D009527E2 /* BankInteractorOutput.swift */ = {isa = PBXFileReference; lastKnownFileType = sourcecode.swift; path = BankInteractorOutput.swift; sourceTree = "<group>"; };
		973727D7228562E0009527E2 /* CurrencyInputField.swift */ = {isa = PBXFileReference; lastKnownFileType = sourcecode.swift; path = CurrencyInputField.swift; sourceTree = "<group>"; };
		973727D922857972009527E2 /* CurrencyInputFieldProtocol.swift */ = {isa = PBXFileReference; lastKnownFileType = sourcecode.swift; path = CurrencyInputFieldProtocol.swift; sourceTree = "<group>"; };
		978BA40E2284123700379813 /* Bank.storyboard */ = {isa = PBXFileReference; lastKnownFileType = file.storyboard; path = Bank.storyboard; sourceTree = "<group>"; };
		978BA4102284131300379813 /* BankInteractor.swift */ = {isa = PBXFileReference; lastKnownFileType = sourcecode.swift; path = BankInteractor.swift; sourceTree = "<group>"; };
		978BA4122284133C00379813 /* BankInteractorProtocol.swift */ = {isa = PBXFileReference; lastKnownFileType = sourcecode.swift; path = BankInteractorProtocol.swift; sourceTree = "<group>"; };
		978BA414228413E700379813 /* BankViewProtocol.swift */ = {isa = PBXFileReference; lastKnownFileType = sourcecode.swift; path = BankViewProtocol.swift; sourceTree = "<group>"; };
		978BA4162284146B00379813 /* RootWireframe.swift */ = {isa = PBXFileReference; lastKnownFileType = sourcecode.swift; path = RootWireframe.swift; sourceTree = "<group>"; };
		978BA418228414B800379813 /* BankWireframe.swift */ = {isa = PBXFileReference; lastKnownFileType = sourcecode.swift; path = BankWireframe.swift; sourceTree = "<group>"; };
		978BA41A2284157000379813 /* BankWireframeProtocol.swift */ = {isa = PBXFileReference; lastKnownFileType = sourcecode.swift; path = BankWireframeProtocol.swift; sourceTree = "<group>"; };
		97E6B4AC227B5B2F0002D180 /* CurrencyRepository.swift */ = {isa = PBXFileReference; lastKnownFileType = sourcecode.swift; path = CurrencyRepository.swift; sourceTree = "<group>"; };
		97E6B4AE227B62320002D180 /* ICurrencyRepository.swift */ = {isa = PBXFileReference; lastKnownFileType = sourcecode.swift; path = ICurrencyRepository.swift; sourceTree = "<group>"; };
/* End PBXFileReference section */

/* Begin PBXFrameworksBuildPhase section */
		970744202279D8CB006E25B4 /* Frameworks */ = {
			isa = PBXFrameworksBuildPhase;
			buildActionMask = 2147483647;
			files = (
			);
			runOnlyForDeploymentPostprocessing = 0;
		};
/* End PBXFrameworksBuildPhase section */

/* Begin PBXGroup section */
		9707441A2279D8CB006E25B4 = {
			isa = PBXGroup;
			children = (
				970744252279D8CB006E25B4 /* Carousel */,
				970744242279D8CB006E25B4 /* Products */,
			);
			sourceTree = "<group>";
		};
		970744242279D8CB006E25B4 /* Products */ = {
			isa = PBXGroup;
			children = (
				970744232279D8CB006E25B4 /* Carousel.app */,
			);
			name = Products;
			sourceTree = "<group>";
		};
		970744252279D8CB006E25B4 /* Carousel */ = {
			isa = PBXGroup;
			children = (
				973727D6228562C9009527E2 /* Extenshions */,
				978BA40922840C6D00379813 /* Modules */,
				978BA40622840BDD00379813 /* Common */,
				9707443F2279D903006E25B4 /* iCarouselLib */,
				970744462279D9D5006E25B4 /* Carousel-Bridging-Header.h */,
				978BA4162284146B00379813 /* RootWireframe.swift */,
				970744262279D8CB006E25B4 /* AppDelegate.swift */,
				970744302279D8CF006E25B4 /* Assets.xcassets */,
				970744322279D8CF006E25B4 /* LaunchScreen.storyboard */,
				970744352279D8CF006E25B4 /* Info.plist */,
				9707442D2279D8CB006E25B4 /* Carousel.xcdatamodeld */,
			);
			path = Carousel;
			sourceTree = "<group>";
		};
		9707443F2279D903006E25B4 /* iCarouselLib */ = {
			isa = PBXGroup;
			children = (
				970744432279D9C1006E25B4 /* iCarousel.h */,
				970744442279D9C1006E25B4 /* iCarousel.m */,
			);
			path = iCarouselLib;
			sourceTree = "<group>";
		};
		973727CC2284775E009527E2 /* Presenter */ = {
			isa = PBXGroup;
			children = (
				973727D12284781D009527E2 /* BankInteractorOutput.swift */,
				973727CD2284777B009527E2 /* BankModuleInterface.swift */,
				973727CF22847786009527E2 /* BankPresenter.swift */,
			);
			path = Presenter;
			sourceTree = "<group>";
		};
		973727D32284A294009527E2 /* CurrencyView */ = {
			isa = PBXGroup;
			children = (
				97074458227A0409006E25B4 /* CurrencyView.swift */,
				9707445C227A0938006E25B4 /* CurrencyLayout.xib */,
			);
			path = CurrencyView;
			sourceTree = "<group>";
		};
		973727D6228562C9009527E2 /* Extenshions */ = {
			isa = PBXGroup;
			children = (
				973727D7228562E0009527E2 /* CurrencyInputField.swift */,
				973727D922857972009527E2 /* CurrencyInputFieldProtocol.swift */,
			);
			path = Extenshions;
			sourceTree = "<group>";
		};
		978BA40622840BDD00379813 /* Common */ = {
			isa = PBXGroup;
			children = (
				978BA40722840BEA00379813 /* Data Store */,
			);
			path = Common;
			sourceTree = "<group>";
		};
		978BA40722840BEA00379813 /* Data Store */ = {
			isa = PBXGroup;
			children = (
				97E6B4AC227B5B2F0002D180 /* CurrencyRepository.swift */,
				97E6B4AE227B62320002D180 /* ICurrencyRepository.swift */,
				978BA40822840C0000379813 /* Entities */,
			);
			path = "Data Store";
			sourceTree = "<group>";
		};
		978BA40822840C0000379813 /* Entities */ = {
			isa = PBXGroup;
			children = (
				9707444E2279E8A6006E25B4 /* Currency.swift */,
				97074461227B0B79006E25B4 /* Rates.swift */,
			);
			path = Entities;
			sourceTree = "<group>";
		};
		978BA40922840C6D00379813 /* Modules */ = {
			isa = PBXGroup;
			children = (
				978BA40A22840CB000379813 /* Bank */,
			);
			path = Modules;
			sourceTree = "<group>";
		};
		978BA40A22840CB000379813 /* Bank */ = {
			isa = PBXGroup;
			children = (
				973727CC2284775E009527E2 /* Presenter */,
				978BA40D228411EA00379813 /* User Interface */,
				978BA40C228411D600379813 /* Routing */,
				978BA40B228411BB00379813 /* Business Logic */,
			);
			path = Bank;
			sourceTree = "<group>";
		};
		978BA40B228411BB00379813 /* Business Logic */ = {
			isa = PBXGroup;
			children = (
				978BA4102284131300379813 /* BankInteractor.swift */,
				978BA4122284133C00379813 /* BankInteractorProtocol.swift */,
			);
			path = "Business Logic";
			sourceTree = "<group>";
		};
		978BA40C228411D600379813 /* Routing */ = {
			isa = PBXGroup;
			children = (
				978BA418228414B800379813 /* BankWireframe.swift */,
				978BA41A2284157000379813 /* BankWireframeProtocol.swift */,
			);
			path = Routing;
			sourceTree = "<group>";
		};
		978BA40D228411EA00379813 /* User Interface */ = {
			isa = PBXGroup;
			children = (
				973727D32284A294009527E2 /* CurrencyView */,
				978BA414228413E700379813 /* BankViewProtocol.swift */,
				970744522279EBC4006E25B4 /* BankViewController.swift */,
				978BA40E2284123700379813 /* Bank.storyboard */,
			);
			path = "User Interface";
			sourceTree = "<group>";
		};
/* End PBXGroup section */

/* Begin PBXNativeTarget section */
		970744222279D8CB006E25B4 /* Carousel */ = {
			isa = PBXNativeTarget;
			buildConfigurationList = 970744382279D8CF006E25B4 /* Build configuration list for PBXNativeTarget "Carousel" */;
			buildPhases = (
				9707441F2279D8CB006E25B4 /* Sources */,
				970744202279D8CB006E25B4 /* Frameworks */,
				970744212279D8CB006E25B4 /* Resources */,
			);
			buildRules = (
			);
			dependencies = (
			);
			name = Carousel;
			productName = Carousel;
			productReference = 970744232279D8CB006E25B4 /* Carousel.app */;
			productType = "com.apple.product-type.application";
		};
/* End PBXNativeTarget section */

/* Begin PBXProject section */
		9707441B2279D8CB006E25B4 /* Project object */ = {
			isa = PBXProject;
			attributes = {
				LastSwiftUpdateCheck = 1020;
				LastUpgradeCheck = 1020;
				TargetAttributes = {
					970744222279D8CB006E25B4 = {
						CreatedOnToolsVersion = 10.2.1;
						LastSwiftMigration = 1020;
					};
				};
			};
			buildConfigurationList = 9707441E2279D8CB006E25B4 /* Build configuration list for PBXProject "Carousel" */;
			compatibilityVersion = "Xcode 9.3";
			developmentRegion = en;
			hasScannedForEncodings = 0;
			knownRegions = (
				en,
				Base,
			);
			mainGroup = 9707441A2279D8CB006E25B4;
			productRefGroup = 970744242279D8CB006E25B4 /* Products */;
			projectDirPath = "";
			projectRoot = "";
			targets = (
				970744222279D8CB006E25B4 /* Carousel */,
			);
		};
/* End PBXProject section */

/* Begin PBXResourcesBuildPhase section */
		970744212279D8CB006E25B4 /* Resources */ = {
			isa = PBXResourcesBuildPhase;
			buildActionMask = 2147483647;
			files = (
				9707445D227A0938006E25B4 /* CurrencyLayout.xib in Resources */,
				970744342279D8CF006E25B4 /* LaunchScreen.storyboard in Resources */,
				970744312279D8CF006E25B4 /* Assets.xcassets in Resources */,
				978BA40F2284123700379813 /* Bank.storyboard in Resources */,
			);
			runOnlyForDeploymentPostprocessing = 0;
		};
/* End PBXResourcesBuildPhase section */

/* Begin PBXSourcesBuildPhase section */
		9707441F2279D8CB006E25B4 /* Sources */ = {
			isa = PBXSourcesBuildPhase;
			buildActionMask = 2147483647;
			files = (
				978BA4132284133C00379813 /* BankInteractorProtocol.swift in Sources */,
				97E6B4AF227B62320002D180 /* ICurrencyRepository.swift in Sources */,
				978BA415228413E700379813 /* BankViewProtocol.swift in Sources */,
				970744452279D9C1006E25B4 /* iCarousel.m in Sources */,
				978BA41B2284157000379813 /* BankWireframeProtocol.swift in Sources */,
				97074459227A040A006E25B4 /* CurrencyView.swift in Sources */,
				973727D8228562E0009527E2 /* CurrencyInputField.swift in Sources */,
				9707444F2279E8A6006E25B4 /* Currency.swift in Sources */,
				973727DA22857972009527E2 /* CurrencyInputFieldProtocol.swift in Sources */,
				978BA419228414B800379813 /* BankWireframe.swift in Sources */,
				973727D022847786009527E2 /* BankPresenter.swift in Sources */,
				978BA4112284131300379813 /* BankInteractor.swift in Sources */,
				97E6B4AD227B5B2F0002D180 /* CurrencyRepository.swift in Sources */,
				9707442F2279D8CB006E25B4 /* Carousel.xcdatamodeld in Sources */,
				97074462227B0B79006E25B4 /* Rates.swift in Sources */,
				973727CE2284777B009527E2 /* BankModuleInterface.swift in Sources */,
				970744272279D8CB006E25B4 /* AppDelegate.swift in Sources */,
				973727D22284781D009527E2 /* BankInteractorOutput.swift in Sources */,
				978BA4172284146B00379813 /* RootWireframe.swift in Sources */,
				970744532279EBC4006E25B4 /* BankViewController.swift in Sources */,
			);
			runOnlyForDeploymentPostprocessing = 0;
		};
/* End PBXSourcesBuildPhase section */

/* Begin PBXVariantGroup section */
		970744322279D8CF006E25B4 /* LaunchScreen.storyboard */ = {
			isa = PBXVariantGroup;
			children = (
				970744332279D8CF006E25B4 /* Base */,
			);
			name = LaunchScreen.storyboard;
			sourceTree = "<group>";
		};
/* End PBXVariantGroup section */

/* Begin XCBuildConfiguration section */
		970744362279D8CF006E25B4 /* Debug */ = {
			isa = XCBuildConfiguration;
			buildSettings = {
				ALWAYS_SEARCH_USER_PATHS = NO;
				CLANG_ANALYZER_NONNULL = YES;
				CLANG_ANALYZER_NUMBER_OBJECT_CONVERSION = YES_AGGRESSIVE;
				CLANG_CXX_LANGUAGE_STANDARD = "gnu++14";
				CLANG_CXX_LIBRARY = "libc++";
				CLANG_ENABLE_MODULES = YES;
				CLANG_ENABLE_OBJC_ARC = YES;
				CLANG_ENABLE_OBJC_WEAK = YES;
				CLANG_WARN_BLOCK_CAPTURE_AUTORELEASING = YES;
				CLANG_WARN_BOOL_CONVERSION = YES;
				CLANG_WARN_COMMA = YES;
				CLANG_WARN_CONSTANT_CONVERSION = YES;
				CLANG_WARN_DEPRECATED_OBJC_IMPLEMENTATIONS = YES;
				CLANG_WARN_DIRECT_OBJC_ISA_USAGE = YES_ERROR;
				CLANG_WARN_DOCUMENTATION_COMMENTS = YES;
				CLANG_WARN_EMPTY_BODY = YES;
				CLANG_WARN_ENUM_CONVERSION = YES;
				CLANG_WARN_INFINITE_RECURSION = YES;
				CLANG_WARN_INT_CONVERSION = YES;
				CLANG_WARN_NON_LITERAL_NULL_CONVERSION = YES;
				CLANG_WARN_OBJC_IMPLICIT_RETAIN_SELF = YES;
				CLANG_WARN_OBJC_LITERAL_CONVERSION = YES;
				CLANG_WARN_OBJC_ROOT_CLASS = YES_ERROR;
				CLANG_WARN_RANGE_LOOP_ANALYSIS = YES;
				CLANG_WARN_STRICT_PROTOTYPES = YES;
				CLANG_WARN_SUSPICIOUS_MOVE = YES;
				CLANG_WARN_UNGUARDED_AVAILABILITY = YES_AGGRESSIVE;
				CLANG_WARN_UNREACHABLE_CODE = YES;
				CLANG_WARN__DUPLICATE_METHOD_MATCH = YES;
				CODE_SIGN_IDENTITY = "iPhone Developer";
				COPY_PHASE_STRIP = NO;
				DEBUG_INFORMATION_FORMAT = dwarf;
				ENABLE_STRICT_OBJC_MSGSEND = YES;
				ENABLE_TESTABILITY = YES;
				GCC_C_LANGUAGE_STANDARD = gnu11;
				GCC_DYNAMIC_NO_PIC = NO;
				GCC_NO_COMMON_BLOCKS = YES;
				GCC_OPTIMIZATION_LEVEL = 0;
				GCC_PREPROCESSOR_DEFINITIONS = (
					"DEBUG=1",
					"$(inherited)",
				);
				GCC_WARN_64_TO_32_BIT_CONVERSION = YES;
				GCC_WARN_ABOUT_RETURN_TYPE = YES_ERROR;
				GCC_WARN_UNDECLARED_SELECTOR = YES;
				GCC_WARN_UNINITIALIZED_AUTOS = YES_AGGRESSIVE;
				GCC_WARN_UNUSED_FUNCTION = YES;
				GCC_WARN_UNUSED_VARIABLE = YES;
				IPHONEOS_DEPLOYMENT_TARGET = 12.2;
				MTL_ENABLE_DEBUG_INFO = INCLUDE_SOURCE;
				MTL_FAST_MATH = YES;
				ONLY_ACTIVE_ARCH = YES;
				SDKROOT = iphoneos;
				SWIFT_ACTIVE_COMPILATION_CONDITIONS = DEBUG;
				SWIFT_OPTIMIZATION_LEVEL = "-Onone";
			};
			name = Debug;
		};
		970744372279D8CF006E25B4 /* Release */ = {
			isa = XCBuildConfiguration;
			buildSettings = {
				ALWAYS_SEARCH_USER_PATHS = NO;
				CLANG_ANALYZER_NONNULL = YES;
				CLANG_ANALYZER_NUMBER_OBJECT_CONVERSION = YES_AGGRESSIVE;
				CLANG_CXX_LANGUAGE_STANDARD = "gnu++14";
				CLANG_CXX_LIBRARY = "libc++";
				CLANG_ENABLE_MODULES = YES;
				CLANG_ENABLE_OBJC_ARC = YES;
				CLANG_ENABLE_OBJC_WEAK = YES;
				CLANG_WARN_BLOCK_CAPTURE_AUTORELEASING = YES;
				CLANG_WARN_BOOL_CONVERSION = YES;
				CLANG_WARN_COMMA = YES;
				CLANG_WARN_CONSTANT_CONVERSION = YES;
				CLANG_WARN_DEPRECATED_OBJC_IMPLEMENTATIONS = YES;
				CLANG_WARN_DIRECT_OBJC_ISA_USAGE = YES_ERROR;
				CLANG_WARN_DOCUMENTATION_COMMENTS = YES;
				CLANG_WARN_EMPTY_BODY = YES;
				CLANG_WARN_ENUM_CONVERSION = YES;
				CLANG_WARN_INFINITE_RECURSION = YES;
				CLANG_WARN_INT_CONVERSION = YES;
				CLANG_WARN_NON_LITERAL_NULL_CONVERSION = YES;
				CLANG_WARN_OBJC_IMPLICIT_RETAIN_SELF = YES;
				CLANG_WARN_OBJC_LITERAL_CONVERSION = YES;
				CLANG_WARN_OBJC_ROOT_CLASS = YES_ERROR;
				CLANG_WARN_RANGE_LOOP_ANALYSIS = YES;
				CLANG_WARN_STRICT_PROTOTYPES = YES;
				CLANG_WARN_SUSPICIOUS_MOVE = YES;
				CLANG_WARN_UNGUARDED_AVAILABILITY = YES_AGGRESSIVE;
				CLANG_WARN_UNREACHABLE_CODE = YES;
				CLANG_WARN__DUPLICATE_METHOD_MATCH = YES;
				CODE_SIGN_IDENTITY = "iPhone Developer";
				COPY_PHASE_STRIP = NO;
				DEBUG_INFORMATION_FORMAT = "dwarf-with-dsym";
				ENABLE_NS_ASSERTIONS = NO;
				ENABLE_STRICT_OBJC_MSGSEND = YES;
				GCC_C_LANGUAGE_STANDARD = gnu11;
				GCC_NO_COMMON_BLOCKS = YES;
				GCC_WARN_64_TO_32_BIT_CONVERSION = YES;
				GCC_WARN_ABOUT_RETURN_TYPE = YES_ERROR;
				GCC_WARN_UNDECLARED_SELECTOR = YES;
				GCC_WARN_UNINITIALIZED_AUTOS = YES_AGGRESSIVE;
				GCC_WARN_UNUSED_FUNCTION = YES;
				GCC_WARN_UNUSED_VARIABLE = YES;
				IPHONEOS_DEPLOYMENT_TARGET = 12.2;
				MTL_ENABLE_DEBUG_INFO = NO;
				MTL_FAST_MATH = YES;
				SDKROOT = iphoneos;
				SWIFT_COMPILATION_MODE = wholemodule;
				SWIFT_OPTIMIZATION_LEVEL = "-O";
				VALIDATE_PRODUCT = YES;
			};
			name = Release;
		};
		970744392279D8CF006E25B4 /* Debug */ = {
			isa = XCBuildConfiguration;
			buildSettings = {
				ASSETCATALOG_COMPILER_APPICON_NAME = AppIcon;
				CLANG_ENABLE_MODULES = YES;
				CODE_SIGN_IDENTITY = "iPhone Developer";
				CODE_SIGN_STYLE = Automatic;
				DEVELOPMENT_TEAM = 8VVZ57HTYN;
				INFOPLIST_FILE = Carousel/Info.plist;
				IPHONEOS_DEPLOYMENT_TARGET = 12.2;
				LD_RUNPATH_SEARCH_PATHS = (
					"$(inherited)",
					"@executable_path/Frameworks",
				);
				PRODUCT_BUNDLE_IDENTIFIER = PontiusPilatus.Carousel;
				PRODUCT_NAME = "$(TARGET_NAME)";
				PROVISIONING_PROFILE_SPECIFIER = "";
				SWIFT_OBJC_BRIDGING_HEADER = "Carousel/Carousel-Bridging-Header.h";
				SWIFT_OPTIMIZATION_LEVEL = "-Onone";
				SWIFT_VERSION = 5.0;
				TARGETED_DEVICE_FAMILY = 1;
			};
			name = Debug;
		};
		9707443A2279D8CF006E25B4 /* Release */ = {
			isa = XCBuildConfiguration;
			buildSettings = {
				ASSETCATALOG_COMPILER_APPICON_NAME = AppIcon;
				CLANG_ENABLE_MODULES = YES;
				CODE_SIGN_IDENTITY = "iPhone Developer";
				CODE_SIGN_STYLE = Automatic;
				DEVELOPMENT_TEAM = 8VVZ57HTYN;
				INFOPLIST_FILE = Carousel/Info.plist;
				IPHONEOS_DEPLOYMENT_TARGET = 12.2;
				LD_RUNPATH_SEARCH_PATHS = (
					"$(inherited)",
					"@executable_path/Frameworks",
				);
				PRODUCT_BUNDLE_IDENTIFIER = PontiusPilatus.Carousel;
				PRODUCT_NAME = "$(TARGET_NAME)";
				PROVISIONING_PROFILE_SPECIFIER = "";
				SWIFT_OBJC_BRIDGING_HEADER = "Carousel/Carousel-Bridging-Header.h";
				SWIFT_VERSION = 5.0;
				TARGETED_DEVICE_FAMILY = 1;
			};
			name = Release;
		};
/* End XCBuildConfiguration section */

/* Begin XCConfigurationList section */
		9707441E2279D8CB006E25B4 /* Build configuration list for PBXProject "Carousel" */ = {
			isa = XCConfigurationList;
			buildConfigurations = (
				970744362279D8CF006E25B4 /* Debug */,
				970744372279D8CF006E25B4 /* Release */,
			);
			defaultConfigurationIsVisible = 0;
			defaultConfigurationName = Release;
		};
		970744382279D8CF006E25B4 /* Build configuration list for PBXNativeTarget "Carousel" */ = {
			isa = XCConfigurationList;
			buildConfigurations = (
				970744392279D8CF006E25B4 /* Debug */,
				9707443A2279D8CF006E25B4 /* Release */,
			);
			defaultConfigurationIsVisible = 0;
			defaultConfigurationName = Release;
		};
/* End XCConfigurationList section */

/* Begin XCVersionGroup section */
		9707442D2279D8CB006E25B4 /* Carousel.xcdatamodeld */ = {
			isa = XCVersionGroup;
			children = (
				9707442E2279D8CB006E25B4 /* Carousel.xcdatamodel */,
			);
			currentVersion = 9707442E2279D8CB006E25B4 /* Carousel.xcdatamodel */;
			path = Carousel.xcdatamodeld;
			sourceTree = "<group>";
			versionGroupType = wrapper.xcdatamodel;
		};
/* End XCVersionGroup section */
	};
	rootObject = 9707441B2279D8CB006E25B4 /* Project object */;
}
